
Microsoft Visual Studio Solution File, Format Version 12.00
# Visual Studio Version 16
VisualStudioVersion = 16.0.30114.105
MinimumVisualStudioVersion = 10.0.40219.1
Project("{FAE04EC0-301F-11D3-BF4B-00C04F79EFBC}") = "API", "API\API.csproj", "{B9D48302-4D34-4EE2-A21E-2C71BF3DAD8E}"
EndProject
Project("{FAE04EC0-301F-11D3-BF4B-00C04F79EFBC}") = "Core", "Core\Core.csproj", "{F742A9AF-5AC9-4854-B47B-7990D7BABF4B}"
EndProject
Project("{FAE04EC0-301F-11D3-BF4B-00C04F79EFBC}") = "Infrastructure", "Infrastructure\Infrastructure.csproj", "{AAF10804-07F1-4724-B4CF-8B102260F5B7}"
EndProject
Global
	GlobalSection(SolutionConfigurationPlatforms) = preSolution
		Debug|Any CPU = Debug|Any CPU
		Release|Any CPU = Release|Any CPU
	EndGlobalSection
	GlobalSection(SolutionProperties) = preSolution
		HideSolutionNode = FALSE
	EndGlobalSection
	GlobalSection(ProjectConfigurationPlatforms) = postSolution
		{B9D48302-4D34-4EE2-A21E-2C71BF3DAD8E}.Debug|Any CPU.ActiveCfg = Debug|Any CPU
		{B9D48302-4D34-4EE2-A21E-2C71BF3DAD8E}.Debug|Any CPU.Build.0 = Debug|Any CPU
		{B9D48302-4D34-4EE2-A21E-2C71BF3DAD8E}.Release|Any CPU.ActiveCfg = Release|Any CPU
		{B9D48302-4D34-4EE2-A21E-2C71BF3DAD8E}.Release|Any CPU.Build.0 = Release|Any CPU
		{F742A9AF-5AC9-4854-B47B-7990D7BABF4B}.Debug|Any CPU.ActiveCfg = Debug|Any CPU
		{F742A9AF-5AC9-4854-B47B-7990D7BABF4B}.Debug|Any CPU.Build.0 = Debug|Any CPU
		{F742A9AF-5AC9-4854-B47B-7990D7BABF4B}.Release|Any CPU.ActiveCfg = Release|Any CPU
		{F742A9AF-5AC9-4854-B47B-7990D7BABF4B}.Release|Any CPU.Build.0 = Release|Any CPU
		{AAF10804-07F1-4724-B4CF-8B102260F5B7}.Debug|Any CPU.ActiveCfg = Debug|Any CPU
		{AAF10804-07F1-4724-B4CF-8B102260F5B7}.Debug|Any CPU.Build.0 = Debug|Any CPU
		{AAF10804-07F1-4724-B4CF-8B102260F5B7}.Release|Any CPU.ActiveCfg = Release|Any CPU
		{AAF10804-07F1-4724-B4CF-8B102260F5B7}.Release|Any CPU.Build.0 = Release|Any CPU
	EndGlobalSection
EndGlobal
